
Microsoft Visual Studio Solution File, Format Version 12.00
# Visual Studio 2012
Project("{FAE04EC0-301F-11D3-BF4B-00C04F79EFBC}") = "Nilwala Training center", "Nilwala Training center\Nilwala Training center.csproj", "{845E4805-BE55-4941-A241-31ABB60AFC09}"
EndProject
Global
	GlobalSection(SolutionConfigurationPlatforms) = preSolution
		Debug|Any CPU = Debug|Any CPU
		Release|Any CPU = Release|Any CPU
	EndGlobalSection
	GlobalSection(ProjectConfigurationPlatforms) = postSolution
		{845E4805-BE55-4941-A241-31ABB60AFC09}.Debug|Any CPU.ActiveCfg = Debug|Any CPU
		{845E4805-BE55-4941-A241-31ABB60AFC09}.Debug|Any CPU.Build.0 = Debug|Any CPU
		{845E4805-BE55-4941-A241-31ABB60AFC09}.Release|Any CPU.ActiveCfg = Release|Any CPU
		{845E4805-BE55-4941-A241-31ABB60AFC09}.Release|Any CPU.Build.0 = Release|Any CPU
	EndGlobalSection
	GlobalSection(SolutionProperties) = preSolution
		HideSolutionNode = FALSE
	EndGlobalSection
EndGlobal
